{
  "pins" : [
    {
      "identity" : "fakewebkit",
      "kind" : "remoteSourceControl",
      "location" : "https://github.com/undeaDD/FakeWebKit",
      "state" : {
        "branch" : "main",
        "revision" : "d0c32ecfff9f7bbe158ff0a1e0f4414648872d6b"
      }
    },
    {
      "identity" : "kingfisher",
      "kind" : "remoteSourceControl",
      "location" : "https://github.com/onevcat/Kingfisher.git",
      "state" : {
        "revision" : "c92b84898e34ab46ff0dad86c02a0acbe2d87008",
        "version" : "8.8.0"
      }
    },
    {
      "identity" : "mpvkit",
      "kind" : "remoteSourceControl",
      "location" : "https://github.com/edde746/MPVKit/",
      "state" : {
        "branch" : "main",
        "revision" : "29803ccbfa631997d496f34c2c1ed191cc8fd2c3"
      }
    },
    {
      "identity" : "soracore",
      "kind" : "remoteSourceControl",
      "location" : "https://github.com/cranci1/SoraCore",
      "state" : {
        "branch" : "main",
        "revision" : "50ddc160fd606e9708adefc1d9fc7003b574446b"
      }
    }
  ],
  "version" : 2
}
